dependencies:
  espressif/led_strip:
    component_hash: fc66f8544851132555bc668475f7b68acd6a211c8075db5ce1951cbfa27dfb88
    source:
      service_url: https://api.components.espressif.com/
      type: service
    version: 2.5.4
  idf:
    component_hash: null
    source:
      type: idf
    version: 5.2.2
manifest_hash: 1dfb5dc50e4723e6af8dd5b65cc06462de22e67462e23c156711e0e96743ab92
target: esp32
version: 1.0.0
